
Microsoft Visual Studio Solution File, Format Version 12.00
# Visual Studio Version 17
VisualStudioVersion = 17.14.36908.2 d17.14
MinimumVisualStudioVersion = 10.0.40219.1
Project("{FAE04EC0-301F-11D3-BF4B-00C04F79EFBC}") = "HETHONGTINHNHUANBUT", "HETHONGTINHNHUANBUT\HETHONGTINHNHUANBUT.csproj", "{1B024097-E57D-43B4-BB3D-59D13141FCE5}"
EndProject
Global
	GlobalSection(SolutionConfigurationPlatforms) = preSolution
		Debug|Any CPU = Debug|Any CPU
		Release|Any CPU = Release|Any CPU
	EndGlobalSection
	GlobalSection(ProjectConfigurationPlatforms) = postSolution
		{1B024097-E57D-43B4-BB3D-59D13141FCE5}.Debug|Any CPU.ActiveCfg = Debug|Any CPU
		{1B024097-E57D-43B4-BB3D-59D13141FCE5}.Debug|Any CPU.Build.0 = Debug|Any CPU
		{1B024097-E57D-43B4-BB3D-59D13141FCE5}.Release|Any CPU.ActiveCfg = Release|Any CPU
		{1B024097-E57D-43B4-BB3D-59D13141FCE5}.Release|Any CPU.Build.0 = Release|Any CPU
	EndGlobalSection
	GlobalSection(SolutionProperties) = preSolution
		HideSolutionNode = FALSE
	EndGlobalSection
	GlobalSection(ExtensibilityGlobals) = postSolution
		SolutionGuid = {4B25F94C-716C-4CBE-A014-EF0FA217F5BA}
	EndGlobalSection
EndGlobal
